
Microsoft Visual Studio Solution File, Format Version 12.00
# Visual Studio 15
VisualStudioVersion = 15.0.28010.2036
MinimumVisualStudioVersion = 10.0.40219.1
Project("{9A19103F-16F7-4668-BE54-9A1E7A4F7556}") = "AdaptiveCardsBot", "AdaptiveCardsBot.csproj", "{A0947298-8393-4C6B-8A03-6F7D63D5CCA8}"
EndProject
Global
	GlobalSection(SolutionConfigurationPlatforms) = preSolution
		Debug|Any CPU = Debug|Any CPU
		Release|Any CPU = Release|Any CPU
	EndGlobalSection
	GlobalSection(ProjectConfigurationPlatforms) = postSolution
		{A0947298-8393-4C6B-8A03-6F7D63D5CCA8}.Debug|Any CPU.ActiveCfg = Debug|Any CPU
		{A0947298-8393-4C6B-8A03-6F7D63D5CCA8}.Debug|Any CPU.Build.0 = Debug|Any CPU
		{A0947298-8393-4C6B-8A03-6F7D63D5CCA8}.Release|Any CPU.ActiveCfg = Release|Any CPU
		{A0947298-8393-4C6B-8A03-6F7D63D5CCA8}.Release|Any CPU.Build.0 = Release|Any CPU
	EndGlobalSection
	GlobalSection(SolutionProperties) = preSolution
		HideSolutionNode = FALSE
	EndGlobalSection
	GlobalSection(ExtensibilityGlobals) = postSolution
		SolutionGuid = {202D61DC-8E75-4509-8ADE-CCD299294905}
	EndGlobalSection
EndGlobal
